
Microsoft Visual Studio Solution File, Format Version 12.00
Project("{FAE04EC0-301F-11D3-BF4B-00C04F79EFBC}") = "JRay_2021", "JRay_2021\JRay_2021.csproj", "{D0A50B20-81B0-4D3D-975C-72828F74F49B}"
EndProject
Project("{FAE04EC0-301F-11D3-BF4B-00C04F79EFBC}") = "Raytracer_Tests", "Raytracer_Tests\Raytracer_Tests.csproj", "{A52107B1-F4E3-4427-B0F0-3D06E1FA9A6B}"
EndProject
Global
	GlobalSection(SolutionConfigurationPlatforms) = preSolution
		Debug|Any CPU = Debug|Any CPU
		Release|Any CPU = Release|Any CPU
	EndGlobalSection
	GlobalSection(ProjectConfigurationPlatforms) = postSolution
		{D0A50B20-81B0-4D3D-975C-72828F74F49B}.Debug|Any CPU.ActiveCfg = Debug|Any CPU
		{D0A50B20-81B0-4D3D-975C-72828F74F49B}.Debug|Any CPU.Build.0 = Debug|Any CPU
		{D0A50B20-81B0-4D3D-975C-72828F74F49B}.Release|Any CPU.ActiveCfg = Release|Any CPU
		{D0A50B20-81B0-4D3D-975C-72828F74F49B}.Release|Any CPU.Build.0 = Release|Any CPU
		{A52107B1-F4E3-4427-B0F0-3D06E1FA9A6B}.Debug|Any CPU.ActiveCfg = Debug|Any CPU
		{A52107B1-F4E3-4427-B0F0-3D06E1FA9A6B}.Debug|Any CPU.Build.0 = Debug|Any CPU
		{A52107B1-F4E3-4427-B0F0-3D06E1FA9A6B}.Release|Any CPU.ActiveCfg = Release|Any CPU
		{A52107B1-F4E3-4427-B0F0-3D06E1FA9A6B}.Release|Any CPU.Build.0 = Release|Any CPU
	EndGlobalSection
EndGlobal
